
Microsoft Visual Studio Solution File, Format Version 12.00
# Visual Studio Version 17
VisualStudioVersion = 17.9.34723.18
MinimumVisualStudioVersion = 10.0.40219.1
Project("{FAE04EC0-301F-11D3-BF4B-00C04F79EFBC}") = "oncontigo-platform", "oncontigo-platform\oncontigo-platform.csproj", "{F5F2F291-924D-46EA-A24E-8F056366218D}"
EndProject
Global
	GlobalSection(SolutionConfigurationPlatforms) = preSolution
		Debug|Any CPU = Debug|Any CPU
		Release|Any CPU = Release|Any CPU
	EndGlobalSection
	GlobalSection(ProjectConfigurationPlatforms) = postSolution
		{F5F2F291-924D-46EA-A24E-8F056366218D}.Debug|Any CPU.ActiveCfg = Debug|Any CPU
		{F5F2F291-924D-46EA-A24E-8F056366218D}.Debug|Any CPU.Build.0 = Debug|Any CPU
		{F5F2F291-924D-46EA-A24E-8F056366218D}.Release|Any CPU.ActiveCfg = Release|Any CPU
		{F5F2F291-924D-46EA-A24E-8F056366218D}.Release|Any CPU.Build.0 = Release|Any CPU
	EndGlobalSection
	GlobalSection(SolutionProperties) = preSolution
		HideSolutionNode = FALSE
	EndGlobalSection
	GlobalSection(ExtensibilityGlobals) = postSolution
		SolutionGuid = {A8AD69B4-AB2D-4A43-83F1-EEC7DBE8C4D1}
	EndGlobalSection
EndGlobal
